// !$*UTF8*$!
{
	archiveVersion = 1;
	classes = {
	};
	objectVersion = 46;
	objects = {

/* Begin PBXBuildFile section */
		1D1C476F1E3900D400DEE71A /* IssueTableViewCell.xib in Resources */ = {isa = PBXBuildFile; fileRef = 1D1C476E1E3900D400DEE71A /* IssueTableViewCell.xib */; };
		1D1C47711E3B06D800DEE71A /* CommentTableViewCell.xib in Resources */ = {isa = PBXBuildFile; fileRef = 1D1C47701E3B06D800DEE71A /* CommentTableViewCell.xib */; };
		3E11B0819010F3F2E4491BD2 /* Issue.swift in Sources */ = {isa = PBXBuildFile; fileRef = 3E11B3CA96FC0A01DB8D12A1 /* Issue.swift */; };
		3E11B0830A722C830EE05C1F /* GithubAuthentication.swift in Sources */ = {isa = PBXBuildFile; fileRef = 3E11B000441AD633ABF07576 /* GithubAuthentication.swift */; };
		3E11B20CDC94D805131CAA89 /* PullRequest.swift in Sources */ = {isa = PBXBuildFile; fileRef = 3E11BBD84AC446C9FDB8506E /* PullRequest.swift */; };
		3E11B29673B09DE7CDE2C548 /* RepositoryServicesPresenter.swift in Sources */ = {isa = PBXBuildFile; fileRef = 3E11BF48D2A13A61D0A784D0 /* RepositoryServicesPresenter.swift */; };
		3E11B2A2ECE9294CBA697205 /* GithubIssuesModel.swift in Sources */ = {isa = PBXBuildFile; fileRef = 3E11B375C0F1F5BC59875CB1 /* GithubIssuesModel.swift */; };
		3E11B2D6741CA6E93451328A /* IssueDetailTableViewCell.swift in Sources */ = {isa = PBXBuildFile; fileRef = 3E11B0C7730F0ACEC442538F /* IssueDetailTableViewCell.swift */; };
		3E11B31370C41267C6EC470C /* GithubRouter.swift in Sources */ = {isa = PBXBuildFile; fileRef = 3E11B996D6CEBD5D3513AA37 /* GithubRouter.swift */; };
		3E11B320644744FB1BC93858 /* CommentsModel.swift in Sources */ = {isa = PBXBuildFile; fileRef = 3E11BF2F10DC9F40F82D75CE /* CommentsModel.swift */; };
		3E11B36286E609400DCC9996 /* NotificationNames.swift in Sources */ = {isa = PBXBuildFile; fileRef = 3E11BDD60CA25886C708A6F2 /* NotificationNames.swift */; };
		3E11B36BDD5A1D233148C6B8 /* BitbucketIssueDetailModel.swift in Sources */ = {isa = PBXBuildFile; fileRef = 3E11BFB90EA51C85754EF272 /* BitbucketIssueDetailModel.swift */; };
		3E11B3A8B92332C6FDE04EF6 /* LaunchScreen.storyboard in Resources */ = {isa = PBXBuildFile; fileRef = 3E11B7F9CD42F592C57719F1 /* LaunchScreen.storyboard */; };
		3E11B3C539A814A9B7D72F37 /* Assets.xcassets in Resources */ = {isa = PBXBuildFile; fileRef = 3E11B5CAAB74ABC4A9D10545 /* Assets.xcassets */; };
		3E11B41726314131A1C04AC4 /* IssueDetailViewController.swift in Sources */ = {isa = PBXBuildFile; fileRef = 3E11B6E104D4AA408323F915 /* IssueDetailViewController.swift */; };
		3E11B42BF8D85F60E8AA5058 /* IssuesModel.swift in Sources */ = {isa = PBXBuildFile; fileRef = 3E11B269AA5D28E66E21D8BC /* IssuesModel.swift */; };
		3E11B4F871A0AAEA9DCA7362 /* Model.swift in Sources */ = {isa = PBXBuildFile; fileRef = 3E11BC0843DA3332D3CCFB28 /* Model.swift */; };
		3E11B4FD62D35C2A536344F5 /* IssueDetailView.swift in Sources */ = {isa = PBXBuildFile; fileRef = 3E11B7CCCD4759EC9D15A116 /* IssueDetailView.swift */; };
		3E11B589CD021B3BEC75DBF2 /* IssueDetailPresenter.swift in Sources */ = {isa = PBXBuildFile; fileRef = 3E11B8FBE3EEB7C5DCAA839F /* IssueDetailPresenter.swift */; };
		3E11B5EA5623B0E2B4112A20 /* RepositoryServicesView.swift in Sources */ = {isa = PBXBuildFile; fileRef = 3E11B306963515FE3BACC1F7 /* RepositoryServicesView.swift */; };
		3E11B6201A83F932BA027EAD /* IssueTableViewCell.swift in Sources */ = {isa = PBXBuildFile; fileRef = 3E11B9AA282AF503EDD4743E /* IssueTableViewCell.swift */; };
		3E11B62AC2264B293B62AA78 /* AppDelegate.swift in Sources */ = {isa = PBXBuildFile; fileRef = 3E11B907046A53462B8588BF /* AppDelegate.swift */; };
		3E11B73CFF396A34FDADEBDE /* IssueCreationPresenter.swift in Sources */ = {isa = PBXBuildFile; fileRef = 3E11BB4CE809B4DA91258787 /* IssueCreationPresenter.swift */; };
		3E11B7A370B2A6DCB65133EA /* BitbucketCommentsModel.swift in Sources */ = {isa = PBXBuildFile; fileRef = 3E11B19E313524C1DB953B54 /* BitbucketCommentsModel.swift */; };
		3E11B7BF58342EF14B5E16C7 /* CommentsView.swift in Sources */ = {isa = PBXBuildFile; fileRef = 3E11BBE5871F620C3F1FA761 /* CommentsView.swift */; };
		3E11B7F53E95C2CAD2DC62E1 /* IssueCreationView.swift in Sources */ = {isa = PBXBuildFile; fileRef = 3E11BFBAAFC05A1CA38B0D95 /* IssueCreationView.swift */; };
		3E11B7FF1593C644C52A1BA9 /* RepositoryServicesViewController.swift in Sources */ = {isa = PBXBuildFile; fileRef = 3E11B6D9CACC116DE2645574 /* RepositoryServicesViewController.swift */; };
		3E11B812A8A56E619E9F52A1 /* User.swift in Sources */ = {isa = PBXBuildFile; fileRef = 3E11B955ACAF9FBF81EDFC3C /* User.swift */; };
		3E11B8633D82FDCCCDE29353 /* GithubIssueDetailModel.swift in Sources */ = {isa = PBXBuildFile; fileRef = 3E11B3F2B596D80A9FC62694 /* GithubIssueDetailModel.swift */; };
		3E11B88B5FBDC93C9D94301F /* IssuesView.swift in Sources */ = {isa = PBXBuildFile; fileRef = 3E11B9EE8D6C08A95428B605 /* IssuesView.swift */; };
		3E11B8DD58C849ABF8995AC8 /* FoundationExtension.swift in Sources */ = {isa = PBXBuildFile; fileRef = 3E11B9F660BF36025797EAD8 /* FoundationExtension.swift */; };
		3E11B95E7CD6118E2FF58F30 /* CommentsPresenter.swift in Sources */ = {isa = PBXBuildFile; fileRef = 3E11B6A4CD050BF9F9D57E3B /* CommentsPresenter.swift */; };
		3E11B99F205DC22E46A9CC9E /* BitbucketIssuesModel.swift in Sources */ = {isa = PBXBuildFile; fileRef = 3E11BBBFA8E8C755FE7877A7 /* BitbucketIssuesModel.swift */; };
		3E11BA51A7EADCB09F61E082 /* IssueCreationViewController.swift in Sources */ = {isa = PBXBuildFile; fileRef = 3E11B22125837EB134AA6BC4 /* IssueCreationViewController.swift */; };
		3E11BA8709C0466C3A9EFA7E /* IssuesViewController.swift in Sources */ = {isa = PBXBuildFile; fileRef = 3E11BE449E89C4C3D74FAA3B /* IssuesViewController.swift */; };
		3E11BA8EFB7190378FF96AF9 /* GithubAPI.swift in Sources */ = {isa = PBXBuildFile; fileRef = 3E11BB5BC9D2DAB2D20F7AE2 /* GithubAPI.swift */; };
		3E11BAB1A3FDD7888CE4DE26 /* GithubCommentsModel.swift in Sources */ = {isa = PBXBuildFile; fileRef = 3E11B2493AE091CDF4F78617 /* GithubCommentsModel.swift */; };
		3E11BAF5D6EE405B70FD7003 /* RepositoryServicesModel.swift in Sources */ = {isa = PBXBuildFile; fileRef = 3E11BB2D6ED33286ABC39C32 /* RepositoryServicesModel.swift */; };
		3E11BAFEC8C05309F1F6A837 /* IssueAPI.swift in Sources */ = {isa = PBXBuildFile; fileRef = 3E11BABEC54B50D410C302C1 /* IssueAPI.swift */; };
		3E11BB4B71F31851DCCD09EC /* IssuesPresenter.swift in Sources */ = {isa = PBXBuildFile; fileRef = 3E11B2C3175A368EB91D2660 /* IssuesPresenter.swift */; };
		3E11BB8B362F189D36D70BB9 /* UserThumbnailButton.swift in Sources */ = {isa = PBXBuildFile; fileRef = 3E11B7ECC28434BF13CAAA40 /* UserThumbnailButton.swift */; };
		3E11BBE57295F77EF36EE60D /* ItemsViewController.swift in Sources */ = {isa = PBXBuildFile; fileRef = 3E11BCF3697414F61841AA61 /* ItemsViewController.swift */; };
		3E11BC03E899CD92144E368D /* GithubData.swift in Sources */ = {isa = PBXBuildFile; fileRef = 3E11BFB52B763B2D92D5501F /* GithubData.swift */; };
		3E11BC5F273B0060FF5AD31D /* Main.storyboard in Resources */ = {isa = PBXBuildFile; fileRef = 3E11BA455E1F2A867C6D4459 /* Main.storyboard */; };
		3E11BCDA15982D010D1643FB /* CommentTableViewCell.swift in Sources */ = {isa = PBXBuildFile; fileRef = 3E11BB9089C1AD5D8199D37A /* CommentTableViewCell.swift */; };
		3E11BE0EC1356A68CE556B0D /* PaginationAPI.swift in Sources */ = {isa = PBXBuildFile; fileRef = 3E11B256C07C659EC6095E9F /* PaginationAPI.swift */; };
		3E11BE6F31C50D1E4004C705 /* CommentAPI.swift in Sources */ = {isa = PBXBuildFile; fileRef = 3E11BE9968D03FFC6ABC360E /* CommentAPI.swift */; };
		3E11BE94D688A9B455E0064D /* IssueDetailModel.swift in Sources */ = {isa = PBXBuildFile; fileRef = 3E11B178CA51E87DA6B0232B /* IssueDetailModel.swift */; };
		3E11BEF0A25619B35009A2F4 /* Label.swift in Sources */ = {isa = PBXBuildFile; fileRef = 3E11B8A1E1DA4021D26563F5 /* Label.swift */; };
		3E11BF4B41CEDBA1478133B5 /* Milestone.swift in Sources */ = {isa = PBXBuildFile; fileRef = 3E11B70653A6786E87B679D9 /* Milestone.swift */; };
		3E11BFF0302A8E9009A1BB45 /* Comment.swift in Sources */ = {isa = PBXBuildFile; fileRef = 3E11B7D80D46A21E8C397BE0 /* Comment.swift */; };
		D54A087099DE0D3431495B60 /* Pods_ChopeArchitectureStudy.framework in Frameworks */ = {isa = PBXBuildFile; fileRef = 21E5F9090C95D2CB0D0E819A /* Pods_ChopeArchitectureStudy.framework */; };
/* End PBXBuildFile section */

/* Begin PBXFileReference section */
		1D1C476E1E3900D400DEE71A /* IssueTableViewCell.xib */ = {isa = PBXFileReference; fileEncoding = 4; lastKnownFileType = file.xib; path = IssueTableViewCell.xib; sourceTree = "<group>"; };
		1D1C47701E3B06D800DEE71A /* CommentTableViewCell.xib */ = {isa = PBXFileReference; fileEncoding = 4; lastKnownFileType = file.xib; path = CommentTableViewCell.xib; sourceTree = "<group>"; };
		1ED4D4EF99F28331044114AB /* Pods-ChopeArchitectureStudy.debug.xcconfig */ = {isa = PBXFileReference; includeInIndex = 1; lastKnownFileType = text.xcconfig; name = "Pods-ChopeArchitectureStudy.debug.xcconfig"; path = "Pods/Target Support Files/Pods-ChopeArchitectureStudy/Pods-ChopeArchitectureStudy.debug.xcconfig"; sourceTree = "<group>"; };
		21E5F9090C95D2CB0D0E819A /* Pods_ChopeArchitectureStudy.framework */ = {isa = PBXFileReference; explicitFileType = wrapper.framework; includeInIndex = 0; path = Pods_ChopeArchitectureStudy.framework; sourceTree = BUILT_PRODUCTS_DIR; };
		33D3ACE51D34411E28D7BCDE /* Pods-ChopeArchitectureStudy.release.xcconfig */ = {isa = PBXFileReference; includeInIndex = 1; lastKnownFileType = text.xcconfig; name = "Pods-ChopeArchitectureStudy.release.xcconfig"; path = "Pods/Target Support Files/Pods-ChopeArchitectureStudy/Pods-ChopeArchitectureStudy.release.xcconfig"; sourceTree = "<group>"; };
		3E11B000441AD633ABF07576 /* GithubAuthentication.swift */ = {isa = PBXFileReference; fileEncoding = 4; lastKnownFileType = sourcecode.swift; path = GithubAuthentication.swift; sourceTree = "<group>"; };
		3E11B0C7730F0ACEC442538F /* IssueDetailTableViewCell.swift */ = {isa = PBXFileReference; fileEncoding = 4; lastKnownFileType = sourcecode.swift; path = IssueDetailTableViewCell.swift; sourceTree = "<group>"; };
		3E11B0EBEDB6ABD5A7B75FAD /* Info.plist */ = {isa = PBXFileReference; lastKnownFileType = text.plist.info; path = Info.plist; sourceTree = "<group>"; };
		3E11B178CA51E87DA6B0232B /* IssueDetailModel.swift */ = {isa = PBXFileReference; fileEncoding = 4; lastKnownFileType = sourcecode.swift; path = IssueDetailModel.swift; sourceTree = "<group>"; };
		3E11B19E313524C1DB953B54 /* BitbucketCommentsModel.swift */ = {isa = PBXFileReference; fileEncoding = 4; lastKnownFileType = sourcecode.swift; path = BitbucketCommentsModel.swift; sourceTree = "<group>"; };
		3E11B22125837EB134AA6BC4 /* IssueCreationViewController.swift */ = {isa = PBXFileReference; fileEncoding = 4; lastKnownFileType = sourcecode.swift; path = IssueCreationViewController.swift; sourceTree = "<group>"; };
		3E11B22A1231514EC667941F /* Base */ = {isa = PBXFileReference; lastKnownFileType = file.storyboard; name = Base; path = Base.lproj/LaunchScreen.storyboard; sourceTree = "<group>"; };
		3E11B2493AE091CDF4F78617 /* GithubCommentsModel.swift */ = {isa = PBXFileReference; fileEncoding = 4; lastKnownFileType = sourcecode.swift; path = GithubCommentsModel.swift; sourceTree = "<group>"; };
		3E11B256C07C659EC6095E9F /* PaginationAPI.swift */ = {isa = PBXFileReference; fileEncoding = 4; lastKnownFileType = sourcecode.swift; path = PaginationAPI.swift; sourceTree = "<group>"; };
		3E11B269AA5D28E66E21D8BC /* IssuesModel.swift */ = {isa = PBXFileReference; fileEncoding = 4; lastKnownFileType = sourcecode.swift; path = IssuesModel.swift; sourceTree = "<group>"; };
		3E11B2C3175A368EB91D2660 /* IssuesPresenter.swift */ = {isa = PBXFileReference; fileEncoding = 4; lastKnownFileType = sourcecode.swift; path = IssuesPresenter.swift; sourceTree = "<group>"; };
		3E11B306963515FE3BACC1F7 /* RepositoryServicesView.swift */ = {isa = PBXFileReference; fileEncoding = 4; lastKnownFileType = sourcecode.swift; path = RepositoryServicesView.swift; sourceTree = "<group>"; };
		3E11B33CC4B62CB3B2608C81 /* ChopeArchitectureStudy.app */ = {isa = PBXFileReference; explicitFileType = wrapper.application; includeInIndex = 0; path = ChopeArchitectureStudy.app; sourceTree = BUILT_PRODUCTS_DIR; };
		3E11B375C0F1F5BC59875CB1 /* GithubIssuesModel.swift */ = {isa = PBXFileReference; fileEncoding = 4; lastKnownFileType = sourcecode.swift; path = GithubIssuesModel.swift; sourceTree = "<group>"; };
		3E11B3CA96FC0A01DB8D12A1 /* Issue.swift */ = {isa = PBXFileReference; fileEncoding = 4; lastKnownFileType = sourcecode.swift; path = Issue.swift; sourceTree = "<group>"; };
		3E11B3F2B596D80A9FC62694 /* GithubIssueDetailModel.swift */ = {isa = PBXFileReference; fileEncoding = 4; lastKnownFileType = sourcecode.swift; path = GithubIssueDetailModel.swift; sourceTree = "<group>"; };
		3E11B5CAAB74ABC4A9D10545 /* Assets.xcassets */ = {isa = PBXFileReference; lastKnownFileType = folder.assetcatalog; path = Assets.xcassets; sourceTree = "<group>"; };
		3E11B6A4CD050BF9F9D57E3B /* CommentsPresenter.swift */ = {isa = PBXFileReference; fileEncoding = 4; lastKnownFileType = sourcecode.swift; path = CommentsPresenter.swift; sourceTree = "<group>"; };
		3E11B6D9CACC116DE2645574 /* RepositoryServicesViewController.swift */ = {isa = PBXFileReference; fileEncoding = 4; lastKnownFileType = sourcecode.swift; path = RepositoryServicesViewController.swift; sourceTree = "<group>"; };
		3E11B6E104D4AA408323F915 /* IssueDetailViewController.swift */ = {isa = PBXFileReference; fileEncoding = 4; lastKnownFileType = sourcecode.swift; path = IssueDetailViewController.swift; sourceTree = "<group>"; };
		3E11B70653A6786E87B679D9 /* Milestone.swift */ = {isa = PBXFileReference; fileEncoding = 4; lastKnownFileType = sourcecode.swift; path = Milestone.swift; sourceTree = "<group>"; };
		3E11B7CCCD4759EC9D15A116 /* IssueDetailView.swift */ = {isa = PBXFileReference; fileEncoding = 4; lastKnownFileType = sourcecode.swift; path = IssueDetailView.swift; sourceTree = "<group>"; };
		3E11B7D80D46A21E8C397BE0 /* Comment.swift */ = {isa = PBXFileReference; fileEncoding = 4; lastKnownFileType = sourcecode.swift; path = Comment.swift; sourceTree = "<group>"; };
		3E11B7ECC28434BF13CAAA40 /* UserThumbnailButton.swift */ = {isa = PBXFileReference; fileEncoding = 4; lastKnownFileType = sourcecode.swift; path = UserThumbnailButton.swift; sourceTree = "<group>"; };
		3E11B8A1E1DA4021D26563F5 /* Label.swift */ = {isa = PBXFileReference; fileEncoding = 4; lastKnownFileType = sourcecode.swift; path = Label.swift; sourceTree = "<group>"; };
		3E11B8FBE3EEB7C5DCAA839F /* IssueDetailPresenter.swift */ = {isa = PBXFileReference; fileEncoding = 4; lastKnownFileType = sourcecode.swift; path = IssueDetailPresenter.swift; sourceTree = "<group>"; };
		3E11B907046A53462B8588BF /* AppDelegate.swift */ = {isa = PBXFileReference; lastKnownFileType = sourcecode.swift; path = AppDelegate.swift; sourceTree = "<group>"; };
		3E11B955ACAF9FBF81EDFC3C /* User.swift */ = {isa = PBXFileReference; fileEncoding = 4; lastKnownFileType = sourcecode.swift; path = User.swift; sourceTree = "<group>"; };
		3E11B996D6CEBD5D3513AA37 /* GithubRouter.swift */ = {isa = PBXFileReference; fileEncoding = 4; lastKnownFileType = sourcecode.swift; path = GithubRouter.swift; sourceTree = "<group>"; };
		3E11B9AA282AF503EDD4743E /* IssueTableViewCell.swift */ = {isa = PBXFileReference; fileEncoding = 4; lastKnownFileType = sourcecode.swift; path = IssueTableViewCell.swift; sourceTree = "<group>"; };
		3E11B9EE8D6C08A95428B605 /* IssuesView.swift */ = {isa = PBXFileReference; fileEncoding = 4; lastKnownFileType = sourcecode.swift; path = IssuesView.swift; sourceTree = "<group>"; };
		3E11B9F660BF36025797EAD8 /* FoundationExtension.swift */ = {isa = PBXFileReference; fileEncoding = 4; lastKnownFileType = sourcecode.swift; path = FoundationExtension.swift; sourceTree = "<group>"; };
		3E11BABEC54B50D410C302C1 /* IssueAPI.swift */ = {isa = PBXFileReference; fileEncoding = 4; lastKnownFileType = sourcecode.swift; path = IssueAPI.swift; sourceTree = "<group>"; };
		3E11BB2D6ED33286ABC39C32 /* RepositoryServicesModel.swift */ = {isa = PBXFileReference; fileEncoding = 4; lastKnownFileType = sourcecode.swift; path = RepositoryServicesModel.swift; sourceTree = "<group>"; };
		3E11BB4CE809B4DA91258787 /* IssueCreationPresenter.swift */ = {isa = PBXFileReference; fileEncoding = 4; lastKnownFileType = sourcecode.swift; path = IssueCreationPresenter.swift; sourceTree = "<group>"; };
		3E11BB5BC9D2DAB2D20F7AE2 /* GithubAPI.swift */ = {isa = PBXFileReference; fileEncoding = 4; lastKnownFileType = sourcecode.swift; path = GithubAPI.swift; sourceTree = "<group>"; };
		3E11BB9089C1AD5D8199D37A /* CommentTableViewCell.swift */ = {isa = PBXFileReference; fileEncoding = 4; lastKnownFileType = sourcecode.swift; path = CommentTableViewCell.swift; sourceTree = "<group>"; };
		3E11BBBFA8E8C755FE7877A7 /* BitbucketIssuesModel.swift */ = {isa = PBXFileReference; fileEncoding = 4; lastKnownFileType = sourcecode.swift; path = BitbucketIssuesModel.swift; sourceTree = "<group>"; };
		3E11BBD84AC446C9FDB8506E /* PullRequest.swift */ = {isa = PBXFileReference; fileEncoding = 4; lastKnownFileType = sourcecode.swift; path = PullRequest.swift; sourceTree = "<group>"; };
		3E11BBE5871F620C3F1FA761 /* CommentsView.swift */ = {isa = PBXFileReference; fileEncoding = 4; lastKnownFileType = sourcecode.swift; path = CommentsView.swift; sourceTree = "<group>"; };
		3E11BC0843DA3332D3CCFB28 /* Model.swift */ = {isa = PBXFileReference; fileEncoding = 4; lastKnownFileType = sourcecode.swift; path = Model.swift; sourceTree = "<group>"; };
		3E11BCF3697414F61841AA61 /* ItemsViewController.swift */ = {isa = PBXFileReference; fileEncoding = 4; lastKnownFileType = sourcecode.swift; path = ItemsViewController.swift; sourceTree = "<group>"; };
		3E11BDD60CA25886C708A6F2 /* NotificationNames.swift */ = {isa = PBXFileReference; fileEncoding = 4; lastKnownFileType = sourcecode.swift; path = NotificationNames.swift; sourceTree = "<group>"; };
		3E11BE449E89C4C3D74FAA3B /* IssuesViewController.swift */ = {isa = PBXFileReference; fileEncoding = 4; lastKnownFileType = sourcecode.swift; path = IssuesViewController.swift; sourceTree = "<group>"; };
		3E11BE9968D03FFC6ABC360E /* CommentAPI.swift */ = {isa = PBXFileReference; fileEncoding = 4; lastKnownFileType = sourcecode.swift; path = CommentAPI.swift; sourceTree = "<group>"; };
		3E11BEB2ABC1B2BAB50E30A7 /* Base */ = {isa = PBXFileReference; lastKnownFileType = file.storyboard; name = Base; path = Base.lproj/Main.storyboard; sourceTree = "<group>"; };
		3E11BF2F10DC9F40F82D75CE /* CommentsModel.swift */ = {isa = PBXFileReference; fileEncoding = 4; lastKnownFileType = sourcecode.swift; path = CommentsModel.swift; sourceTree = "<group>"; };
		3E11BF48D2A13A61D0A784D0 /* RepositoryServicesPresenter.swift */ = {isa = PBXFileReference; fileEncoding = 4; lastKnownFileType = sourcecode.swift; path = RepositoryServicesPresenter.swift; sourceTree = "<group>"; };
		3E11BFB52B763B2D92D5501F /* GithubData.swift */ = {isa = PBXFileReference; fileEncoding = 4; lastKnownFileType = sourcecode.swift; path = GithubData.swift; sourceTree = "<group>"; };
		3E11BFB90EA51C85754EF272 /* BitbucketIssueDetailModel.swift */ = {isa = PBXFileReference; fileEncoding = 4; lastKnownFileType = sourcecode.swift; path = BitbucketIssueDetailModel.swift; sourceTree = "<group>"; };
		3E11BFBAAFC05A1CA38B0D95 /* IssueCreationView.swift */ = {isa = PBXFileReference; fileEncoding = 4; lastKnownFileType = sourcecode.swift; path = IssueCreationView.swift; sourceTree = "<group>"; };
/* End PBXFileReference section */

/* Begin PBXFrameworksBuildPhase section */
		3E11B03F16A6A5548824EACC /* Frameworks */ = {
			isa = PBXFrameworksBuildPhase;
			buildActionMask = 2147483647;
			files = (
				D54A087099DE0D3431495B60 /* Pods_ChopeArchitectureStudy.framework in Frameworks */,
			);
			runOnlyForDeploymentPostprocessing = 0;
		};
/* End PBXFrameworksBuildPhase section */

/* Begin PBXGroup section */
		3E11B0BFE740358254ACC58C /* Controller */ = {
			isa = PBXGroup;
			children = (
				3E11B6E104D4AA408323F915 /* IssueDetailViewController.swift */,
				3E11BE449E89C4C3D74FAA3B /* IssuesViewController.swift */,
				3E11B6D9CACC116DE2645574 /* RepositoryServicesViewController.swift */,
				3E11B22125837EB134AA6BC4 /* IssueCreationViewController.swift */,
				3E11BCF3697414F61841AA61 /* ItemsViewController.swift */,
			);
			path = Controller;
			sourceTree = "<group>";
		};
		3E11B2034099ECC346EBCF41 /* Github */ = {
			isa = PBXGroup;
			children = (
				3E11B375C0F1F5BC59875CB1 /* GithubIssuesModel.swift */,
				3E11B3F2B596D80A9FC62694 /* GithubIssueDetailModel.swift */,
				3E11B2493AE091CDF4F78617 /* GithubCommentsModel.swift */,
			);
			path = Github;
			sourceTree = "<group>";
		};
		3E11B377624922E1E0D4D239 /* Model */ = {
			isa = PBXGroup;
			children = (
				3E11B269AA5D28E66E21D8BC /* IssuesModel.swift */,
				3E11B178CA51E87DA6B0232B /* IssueDetailModel.swift */,
				3E11BB2D6ED33286ABC39C32 /* RepositoryServicesModel.swift */,
				3E11B2034099ECC346EBCF41 /* Github */,
				3E11B595145F5F52CF94F79E /* Bitbucket */,
				3E11BC0843DA3332D3CCFB28 /* Model.swift */,
				3E11BF2F10DC9F40F82D75CE /* CommentsModel.swift */,
			);
			path = Model;
			sourceTree = "<group>";
		};
		3E11B595145F5F52CF94F79E /* Bitbucket */ = {
			isa = PBXGroup;
			children = (
				3E11BFB90EA51C85754EF272 /* BitbucketIssueDetailModel.swift */,
				3E11BBBFA8E8C755FE7877A7 /* BitbucketIssuesModel.swift */,
				3E11B19E313524C1DB953B54 /* BitbucketCommentsModel.swift */,
			);
			path = Bitbucket;
			sourceTree = "<group>";
		};
		3E11B5A06ED0060A6FBB3B3C /* View */ = {
			isa = PBXGroup;
			children = (
				3E11B0BFE740358254ACC58C /* Controller */,
				3E11B9EE8D6C08A95428B605 /* IssuesView.swift */,
				3E11B7CCCD4759EC9D15A116 /* IssueDetailView.swift */,
				3E11B306963515FE3BACC1F7 /* RepositoryServicesView.swift */,
				3E11BFBAAFC05A1CA38B0D95 /* IssueCreationView.swift */,
				3E11BBE5871F620C3F1FA761 /* CommentsView.swift */,
			);
			path = View;
			sourceTree = "<group>";
		};
		3E11B634DC6DB879661A9565 /* Utils */ = {
			isa = PBXGroup;
			children = (
				3E11BDD60CA25886C708A6F2 /* NotificationNames.swift */,
				3E11B9F660BF36025797EAD8 /* FoundationExtension.swift */,
			);
			path = Utils;
			sourceTree = "<group>";
		};
		3E11B6E833F43BE87F416E96 /* Products */ = {
			isa = PBXGroup;
			children = (
				3E11B33CC4B62CB3B2608C81 /* ChopeArchitectureStudy.app */,
			);
			name = Products;
			sourceTree = "<group>";
		};
		3E11B8064083BBC6F51312A6 /* Presenter */ = {
			isa = PBXGroup;
			children = (
				3E11B2C3175A368EB91D2660 /* IssuesPresenter.swift */,
				3E11B8FBE3EEB7C5DCAA839F /* IssueDetailPresenter.swift */,
				3E11BF48D2A13A61D0A784D0 /* RepositoryServicesPresenter.swift */,
				3E11BB4CE809B4DA91258787 /* IssueCreationPresenter.swift */,
				3E11B6A4CD050BF9F9D57E3B /* CommentsPresenter.swift */,
			);
			path = Presenter;
			sourceTree = "<group>";
		};
		3E11B80E54BAC23E3E8E4EDF /* ChopeArchitectureStudy */ = {
			isa = PBXGroup;
			children = (
				3E11B0EBEDB6ABD5A7B75FAD /* Info.plist */,
				3E11B5CAAB74ABC4A9D10545 /* Assets.xcassets */,
				3E11B7F9CD42F592C57719F1 /* LaunchScreen.storyboard */,
				3E11B907046A53462B8588BF /* AppDelegate.swift */,
				3E11BA455E1F2A867C6D4459 /* Main.storyboard */,
				3E11BF456E104F5D749CB2DC /* MVP */,
				3E11B634DC6DB879661A9565 /* Utils */,
				3E11BF53DE6236F694960FB1 /* View */,
				3E11BE9CE0642838E1F58C03 /* Github */,
			);
			path = ChopeArchitectureStudy;
			sourceTree = "<group>";
		};
		3E11B93B47C2EF556844FB1B /* API */ = {
			isa = PBXGroup;
			children = (
				3E11BB5BC9D2DAB2D20F7AE2 /* GithubAPI.swift */,
				3E11B996D6CEBD5D3513AA37 /* GithubRouter.swift */,
				3E11BABEC54B50D410C302C1 /* IssueAPI.swift */,
				3E11BE9968D03FFC6ABC360E /* CommentAPI.swift */,
				3E11B256C07C659EC6095E9F /* PaginationAPI.swift */,
			);
			path = API;
			sourceTree = "<group>";
		};
		3E11BBFC7C70D6E7B80234A9 = {
			isa = PBXGroup;
			children = (
				3E11B6E833F43BE87F416E96 /* Products */,
				3E11B80E54BAC23E3E8E4EDF /* ChopeArchitectureStudy */,
				5B7B6C9936D92B0EFB6E3060 /* Pods */,
				570B22BBE65A1EB5FDF9FEA4 /* Frameworks */,
			);
			sourceTree = "<group>";
		};
		3E11BE7B4216800C2A36FE56 /* Data */ = {
			isa = PBXGroup;
			children = (
				3E11B955ACAF9FBF81EDFC3C /* User.swift */,
				3E11B7D80D46A21E8C397BE0 /* Comment.swift */,
				3E11B3CA96FC0A01DB8D12A1 /* Issue.swift */,
				3E11B8A1E1DA4021D26563F5 /* Label.swift */,
				3E11B70653A6786E87B679D9 /* Milestone.swift */,
				3E11BBD84AC446C9FDB8506E /* PullRequest.swift */,
				3E11BFB52B763B2D92D5501F /* GithubData.swift */,
			);
			path = Data;
			sourceTree = "<group>";
		};
		3E11BE9CE0642838E1F58C03 /* Github */ = {
			isa = PBXGroup;
			children = (
				3E11B000441AD633ABF07576 /* GithubAuthentication.swift */,
				3E11BE7B4216800C2A36FE56 /* Data */,
				3E11B93B47C2EF556844FB1B /* API */,
			);
			path = Github;
			sourceTree = "<group>";
		};
		3E11BF456E104F5D749CB2DC /* MVP */ = {
			isa = PBXGroup;
			children = (
				3E11B5A06ED0060A6FBB3B3C /* View */,
				3E11B8064083BBC6F51312A6 /* Presenter */,
				3E11B377624922E1E0D4D239 /* Model */,
			);
			path = MVP;
			sourceTree = "<group>";
		};
		3E11BF53DE6236F694960FB1 /* View */ = {
			isa = PBXGroup;
			children = (
				3E11B7ECC28434BF13CAAA40 /* UserThumbnailButton.swift */,
				3E11B0C7730F0ACEC442538F /* IssueDetailTableViewCell.swift */,
				3E11BB9089C1AD5D8199D37A /* CommentTableViewCell.swift */,
				1D1C47701E3B06D800DEE71A /* CommentTableViewCell.xib */,
				3E11B9AA282AF503EDD4743E /* IssueTableViewCell.swift */,
				1D1C476E1E3900D400DEE71A /* IssueTableViewCell.xib */,
			);
			path = View;
			sourceTree = "<group>";
		};
		570B22BBE65A1EB5FDF9FEA4 /* Frameworks */ = {
			isa = PBXGroup;
			children = (
				21E5F9090C95D2CB0D0E819A /* Pods_ChopeArchitectureStudy.framework */,
			);
			name = Frameworks;
			sourceTree = "<group>";
		};
		5B7B6C9936D92B0EFB6E3060 /* Pods */ = {
			isa = PBXGroup;
			children = (
				1ED4D4EF99F28331044114AB /* Pods-ChopeArchitectureStudy.debug.xcconfig */,
				33D3ACE51D34411E28D7BCDE /* Pods-ChopeArchitectureStudy.release.xcconfig */,
			);
			name = Pods;
			sourceTree = "<group>";
		};
/* End PBXGroup section */

/* Begin PBXNativeTarget section */
		3E11BBDF4257C5DA2CC71595 /* ChopeArchitectureStudy */ = {
			isa = PBXNativeTarget;
			buildConfigurationList = 3E11B98CD8345BDEBB4103C2 /* Build configuration list for PBXNativeTarget "ChopeArchitectureStudy" */;
			buildPhases = (
				521FC38E2E6362879B213DCF /* [CP] Check Pods Manifest.lock */,
				3E11B16848616A71AEC34787 /* Sources */,
				3E11B03F16A6A5548824EACC /* Frameworks */,
				3E11BF15C88A3A489CA8426B /* Resources */,
				E7795FA67B888DE06BEE63E4 /* [CP] Embed Pods Frameworks */,
				169060B44D6014A19C86DAD6 /* [CP] Copy Pods Resources */,
			);
			buildRules = (
			);
			dependencies = (
			);
			name = ChopeArchitectureStudy;
			productName = ChopeArchitectureStudy;
			productReference = 3E11B33CC4B62CB3B2608C81 /* ChopeArchitectureStudy.app */;
			productType = "com.apple.product-type.application";
		};
/* End PBXNativeTarget section */

/* Begin PBXProject section */
		3E11BE0B26331B07BBBCC37B /* Project object */ = {
			isa = PBXProject;
			attributes = {
				LastUpgradeCheck = 0820;
				ORGANIZATIONNAME = Chope;
				TargetAttributes = {
					3E11BBDF4257C5DA2CC71595 = {
						DevelopmentTeam = JKB83V3G9Q;
					};
				};
			};
			buildConfigurationList = 3E11B5B83BB5C338F072E858 /* Build configuration list for PBXProject "ChopeArchitectureStudy" */;
			compatibilityVersion = "Xcode 3.2";
			developmentRegion = English;
			hasScannedForEncodings = 0;
			knownRegions = (
				en,
			);
			mainGroup = 3E11BBFC7C70D6E7B80234A9;
			productRefGroup = 3E11B6E833F43BE87F416E96 /* Products */;
			projectDirPath = "";
			projectRoot = "";
			targets = (
				3E11BBDF4257C5DA2CC71595 /* ChopeArchitectureStudy */,
			);
		};
/* End PBXProject section */

/* Begin PBXResourcesBuildPhase section */
		3E11BF15C88A3A489CA8426B /* Resources */ = {
			isa = PBXResourcesBuildPhase;
			buildActionMask = 2147483647;
			files = (
				3E11B3C539A814A9B7D72F37 /* Assets.xcassets in Resources */,
				3E11B3A8B92332C6FDE04EF6 /* LaunchScreen.storyboard in Resources */,
				3E11BC5F273B0060FF5AD31D /* Main.storyboard in Resources */,
				1D1C476F1E3900D400DEE71A /* IssueTableViewCell.xib in Resources */,
				1D1C47711E3B06D800DEE71A /* CommentTableViewCell.xib in Resources */,
			);
			runOnlyForDeploymentPostprocessing = 0;
		};
/* End PBXResourcesBuildPhase section */

/* Begin PBXShellScriptBuildPhase section */
		169060B44D6014A19C86DAD6 /* [CP] Copy Pods Resources */ = {
			isa = PBXShellScriptBuildPhase;
			buildActionMask = 2147483647;
			files = (
			);
			inputPaths = (
			);
			name = "[CP] Copy Pods Resources";
			outputPaths = (
			);
			runOnlyForDeploymentPostprocessing = 0;
			shellPath = /bin/sh;
			shellScript = "\"${SRCROOT}/Pods/Target Support Files/Pods-ChopeArchitectureStudy/Pods-ChopeArchitectureStudy-resources.sh\"\n";
			showEnvVarsInLog = 0;
		};
		521FC38E2E6362879B213DCF /* [CP] Check Pods Manifest.lock */ = {
			isa = PBXShellScriptBuildPhase;
			buildActionMask = 2147483647;
			files = (
			);
			inputPaths = (
			);
			name = "[CP] Check Pods Manifest.lock";
			outputPaths = (
			);
			runOnlyForDeploymentPostprocessing = 0;
			shellPath = /bin/sh;
			shellScript = "diff \"${PODS_ROOT}/../Podfile.lock\" \"${PODS_ROOT}/Manifest.lock\" > /dev/null\nif [ $? != 0 ] ; then\n    # print error to STDERR\n    echo \"error: The sandbox is not in sync with the Podfile.lock. Run 'pod install' or update your CocoaPods installation.\" >&2\n    exit 1\nfi\n";
			showEnvVarsInLog = 0;
		};
		E7795FA67B888DE06BEE63E4 /* [CP] Embed Pods Frameworks */ = {
			isa = PBXShellScriptBuildPhase;
			buildActionMask = 2147483647;
			files = (
			);
			inputPaths = (
			);
			name = "[CP] Embed Pods Frameworks";
			outputPaths = (
			);
			runOnlyForDeploymentPostprocessing = 0;
			shellPath = /bin/sh;
			shellScript = "\"${SRCROOT}/Pods/Target Support Files/Pods-ChopeArchitectureStudy/Pods-ChopeArchitectureStudy-frameworks.sh\"\n";
			showEnvVarsInLog = 0;
		};
/* End PBXShellScriptBuildPhase section */

/* Begin PBXSourcesBuildPhase section */
		3E11B16848616A71AEC34787 /* Sources */ = {
			isa = PBXSourcesBuildPhase;
			buildActionMask = 2147483647;
			files = (
				3E11B62AC2264B293B62AA78 /* AppDelegate.swift in Sources */,
				3E11B88B5FBDC93C9D94301F /* IssuesView.swift in Sources */,
				3E11B4FD62D35C2A536344F5 /* IssueDetailView.swift in Sources */,
				3E11BB4B71F31851DCCD09EC /* IssuesPresenter.swift in Sources */,
				3E11B589CD021B3BEC75DBF2 /* IssueDetailPresenter.swift in Sources */,
				3E11B42BF8D85F60E8AA5058 /* IssuesModel.swift in Sources */,
				3E11BE94D688A9B455E0064D /* IssueDetailModel.swift in Sources */,
				3E11B41726314131A1C04AC4 /* IssueDetailViewController.swift in Sources */,
				3E11BA8709C0466C3A9EFA7E /* IssuesViewController.swift in Sources */,
				3E11B36286E609400DCC9996 /* NotificationNames.swift in Sources */,
				3E11B29673B09DE7CDE2C548 /* RepositoryServicesPresenter.swift in Sources */,
				3E11B7FF1593C644C52A1BA9 /* RepositoryServicesViewController.swift in Sources */,
				3E11B5EA5623B0E2B4112A20 /* RepositoryServicesView.swift in Sources */,
				3E11BAF5D6EE405B70FD7003 /* RepositoryServicesModel.swift in Sources */,
				3E11BA51A7EADCB09F61E082 /* IssueCreationViewController.swift in Sources */,
				3E11B73CFF396A34FDADEBDE /* IssueCreationPresenter.swift in Sources */,
				3E11B2A2ECE9294CBA697205 /* GithubIssuesModel.swift in Sources */,
				3E11B8633D82FDCCCDE29353 /* GithubIssueDetailModel.swift in Sources */,
				3E11B36BDD5A1D233148C6B8 /* BitbucketIssueDetailModel.swift in Sources */,
				3E11B99F205DC22E46A9CC9E /* BitbucketIssuesModel.swift in Sources */,
				3E11B4F871A0AAEA9DCA7362 /* Model.swift in Sources */,
				3E11B7F53E95C2CAD2DC62E1 /* IssueCreationView.swift in Sources */,
				3E11BAB1A3FDD7888CE4DE26 /* GithubCommentsModel.swift in Sources */,
				3E11B320644744FB1BC93858 /* CommentsModel.swift in Sources */,
				3E11B95E7CD6118E2FF58F30 /* CommentsPresenter.swift in Sources */,
				3E11B7A370B2A6DCB65133EA /* BitbucketCommentsModel.swift in Sources */,
				3E11B7BF58342EF14B5E16C7 /* CommentsView.swift in Sources */,
				3E11B8DD58C849ABF8995AC8 /* FoundationExtension.swift in Sources */,
				3E11BB8B362F189D36D70BB9 /* UserThumbnailButton.swift in Sources */,
				3E11B0830A722C830EE05C1F /* GithubAuthentication.swift in Sources */,
				3E11B812A8A56E619E9F52A1 /* User.swift in Sources */,
				3E11BFF0302A8E9009A1BB45 /* Comment.swift in Sources */,
				3E11B0819010F3F2E4491BD2 /* Issue.swift in Sources */,
				3E11BEF0A25619B35009A2F4 /* Label.swift in Sources */,
				3E11BF4B41CEDBA1478133B5 /* Milestone.swift in Sources */,
				3E11B20CDC94D805131CAA89 /* PullRequest.swift in Sources */,
				3E11BC03E899CD92144E368D /* GithubData.swift in Sources */,
				3E11BA8EFB7190378FF96AF9 /* GithubAPI.swift in Sources */,
				3E11B31370C41267C6EC470C /* GithubRouter.swift in Sources */,
				3E11BAFEC8C05309F1F6A837 /* IssueAPI.swift in Sources */,
				3E11BE6F31C50D1E4004C705 /* CommentAPI.swift in Sources */,
				3E11BE0EC1356A68CE556B0D /* PaginationAPI.swift in Sources */,
				3E11BCDA15982D010D1643FB /* CommentTableViewCell.swift in Sources */,
				3E11B6201A83F932BA027EAD /* IssueTableViewCell.swift in Sources */,
				3E11B2D6741CA6E93451328A /* IssueDetailTableViewCell.swift in Sources */,
				3E11BBE57295F77EF36EE60D /* ItemsViewController.swift in Sources */,
			);
			runOnlyForDeploymentPostprocessing = 0;
		};
/* End PBXSourcesBuildPhase section */

/* Begin PBXVariantGroup section */
		3E11B7F9CD42F592C57719F1 /* LaunchScreen.storyboard */ = {
			isa = PBXVariantGroup;
			children = (
				3E11B22A1231514EC667941F /* Base */,
			);
			name = LaunchScreen.storyboard;
			sourceTree = "<group>";
		};
		3E11BA455E1F2A867C6D4459 /* Main.storyboard */ = {
			isa = PBXVariantGroup;
			children = (
				3E11BEB2ABC1B2BAB50E30A7 /* Base */,
			);
			name = Main.storyboard;
			sourceTree = "<group>";
		};
/* End PBXVariantGroup section */

/* Begin XCBuildConfiguration section */
		3E11B0946946D3482D7F0FAD /* Release */ = {
			isa = XCBuildConfiguration;
			baseConfigurationReference = 33D3ACE51D34411E28D7BCDE /* Pods-ChopeArchitectureStudy.release.xcconfig */;
			buildSettings = {
				ASSETCATALOG_COMPILER_APPICON_NAME = AppIcon;
				DEVELOPMENT_TEAM = JKB83V3G9Q;
				INFOPLIST_FILE = ChopeArchitectureStudy/Info.plist;
				LD_RUNPATH_SEARCH_PATHS = "$(inherited) @executable_path/Frameworks";
				PRODUCT_BUNDLE_IDENTIFIER = net.chopestory.ChopeArchitectureStudy;
				PRODUCT_NAME = "$(TARGET_NAME)";
				SWIFT_VERSION = 3.0;
			};
			name = Release;
		};
		3E11B0DE271D7E43814A049F /* Release */ = {
			isa = XCBuildConfiguration;
			buildSettings = {
				ALWAYS_SEARCH_USER_PATHS = NO;
				CLANG_ANALYZER_NONNULL = YES;
				CLANG_CXX_LANGUAGE_STANDARD = "gnu++0x";
				CLANG_CXX_LIBRARY = "libc++";
				CLANG_ENABLE_MODULES = YES;
				CLANG_ENABLE_OBJC_ARC = YES;
				CLANG_WARN_BOOL_CONVERSION = YES;
				CLANG_WARN_CONSTANT_CONVERSION = YES;
				CLANG_WARN_DIRECT_OBJC_ISA_USAGE = YES_ERROR;
				CLANG_WARN_DOCUMENTATION_COMMENTS = YES;
				CLANG_WARN_EMPTY_BODY = YES;
				CLANG_WARN_ENUM_CONVERSION = YES;
				CLANG_WARN_INFINITE_RECURSION = YES;
				CLANG_WARN_INT_CONVERSION = YES;
				CLANG_WARN_OBJC_ROOT_CLASS = YES_ERROR;
				CLANG_WARN_SUSPICIOUS_MOVE = YES;
				CLANG_WARN_UNREACHABLE_CODE = YES;
				CLANG_WARN__DUPLICATE_METHOD_MATCH = YES;
				"CODE_SIGN_IDENTITY[sdk=iphoneos*]" = "iPhone Developer";
				COPY_PHASE_STRIP = NO;
				DEBUG_INFORMATION_FORMAT = "dwarf-with-dsym";
				ENABLE_NS_ASSERTIONS = NO;
				ENABLE_STRICT_OBJC_MSGSEND = YES;
				GCC_C_LANGUAGE_STANDARD = gnu99;
				GCC_NO_COMMON_BLOCKS = YES;
				GCC_WARN_64_TO_32_BIT_CONVERSION = YES;
				GCC_WARN_ABOUT_RETURN_TYPE = YES_ERROR;
				GCC_WARN_UNDECLARED_SELECTOR = YES;
				GCC_WARN_UNINITIALIZED_AUTOS = YES_AGGRESSIVE;
				GCC_WARN_UNUSED_FUNCTION = YES;
				GCC_WARN_UNUSED_VARIABLE = YES;
				IPHONEOS_DEPLOYMENT_TARGET = 10.2;
				MTL_ENABLE_DEBUG_INFO = NO;
				SDKROOT = iphoneos;
				SWIFT_OPTIMIZATION_LEVEL = "-Owholemodule";
				VALIDATE_PRODUCT = YES;
			};
			name = Release;
		};
		3E11B5D9E5F55382AFC7DF96 /* Debug */ = {
			isa = XCBuildConfiguration;
			buildSettings = {
				ALWAYS_SEARCH_USER_PATHS = NO;
				CLANG_ANALYZER_NONNULL = YES;
				CLANG_CXX_LANGUAGE_STANDARD = "gnu++0x";
				CLANG_CXX_LIBRARY = "libc++";
				CLANG_ENABLE_MODULES = YES;
				CLANG_ENABLE_OBJC_ARC = YES;
				CLANG_WARN_BOOL_CONVERSION = YES;
				CLANG_WARN_CONSTANT_CONVERSION = YES;
				CLANG_WARN_DIRECT_OBJC_ISA_USAGE = YES_ERROR;
				CLANG_WARN_DOCUMENTATION_COMMENTS = YES;
				CLANG_WARN_EMPTY_BODY = YES;
				CLANG_WARN_ENUM_CONVERSION = YES;
				CLANG_WARN_INFINITE_RECURSION = YES;
				CLANG_WARN_INT_CONVERSION = YES;
				CLANG_WARN_OBJC_ROOT_CLASS = YES_ERROR;
				CLANG_WARN_SUSPICIOUS_MOVE = YES;
				CLANG_WARN_UNREACHABLE_CODE = YES;
				CLANG_WARN__DUPLICATE_METHOD_MATCH = YES;
				"CODE_SIGN_IDENTITY[sdk=iphoneos*]" = "iPhone Developer";
				COPY_PHASE_STRIP = NO;
				DEBUG_INFORMATION_FORMAT = dwarf;
				ENABLE_STRICT_OBJC_MSGSEND = YES;
				ENABLE_TESTABILITY = YES;
				GCC_C_LANGUAGE_STANDARD = gnu99;
				GCC_DYNAMIC_NO_PIC = NO;
				GCC_NO_COMMON_BLOCKS = YES;
				GCC_OPTIMIZATION_LEVEL = 0;
				GCC_PREPROCESSOR_DEFINITIONS = (
					"DEBUG=1",
					"$(inherited)",
				);
				GCC_WARN_64_TO_32_BIT_CONVERSION = YES;
				GCC_WARN_ABOUT_RETURN_TYPE = YES_ERROR;
				GCC_WARN_UNDECLARED_SELECTOR = YES;
				GCC_WARN_UNINITIALIZED_AUTOS = YES_AGGRESSIVE;
				GCC_WARN_UNUSED_FUNCTION = YES;
				GCC_WARN_UNUSED_VARIABLE = YES;
				IPHONEOS_DEPLOYMENT_TARGET = 10.2;
				MTL_ENABLE_DEBUG_INFO = YES;
				ONLY_ACTIVE_ARCH = YES;
				SDKROOT = iphoneos;
				SWIFT_ACTIVE_COMPILATION_CONDITIONS = DEBUG;
				SWIFT_OPTIMIZATION_LEVEL = "-Onone";
			};
			name = Debug;
		};
		3E11BE4BECFD49E7D7575440 /* Debug */ = {
			isa = XCBuildConfiguration;
			baseConfigurationReference = 1ED4D4EF99F28331044114AB /* Pods-ChopeArchitectureStudy.debug.xcconfig */;
			buildSettings = {
				ASSETCATALOG_COMPILER_APPICON_NAME = AppIcon;
				DEVELOPMENT_TEAM = JKB83V3G9Q;
				INFOPLIST_FILE = ChopeArchitectureStudy/Info.plist;
				LD_RUNPATH_SEARCH_PATHS = "$(inherited) @executable_path/Frameworks";
				PRODUCT_BUNDLE_IDENTIFIER = net.chopestory.ChopeArchitectureStudy;
				PRODUCT_NAME = "$(TARGET_NAME)";
				SWIFT_VERSION = 3.0;
			};
			name = Debug;
		};
/* End XCBuildConfiguration section */

/* Begin XCConfigurationList section */
		3E11B5B83BB5C338F072E858 /* Build configuration list for PBXProject "ChopeArchitectureStudy" */ = {
			isa = XCConfigurationList;
			buildConfigurations = (
				3E11B5D9E5F55382AFC7DF96 /* Debug */,
				3E11B0DE271D7E43814A049F /* Release */,
			);
			defaultConfigurationIsVisible = 0;
			defaultConfigurationName = Release;
		};
		3E11B98CD8345BDEBB4103C2 /* Build configuration list for PBXNativeTarget "ChopeArchitectureStudy" */ = {
			isa = XCConfigurationList;
			buildConfigurations = (
				3E11BE4BECFD49E7D7575440 /* Debug */,
				3E11B0946946D3482D7F0FAD /* Release */,
			);
			defaultConfigurationIsVisible = 0;
			defaultConfigurationName = Release;
		};
/* End XCConfigurationList section */
	};
	rootObject = 3E11BE0B26331B07BBBCC37B /* Project object */;
}
