// !$*UTF8*$!
{
	archiveVersion = 1;
	classes = {
	};
	objectVersion = 46;
	objects = {

/* Begin PBXBuildFile section */
		1D71CAC91E5020C100B5A210 /* IssueDetailTableViewCell.xib in Resources */ = {isa = PBXBuildFile; fileRef = 1D71CAC81E5020C100B5A210 /* IssueDetailTableViewCell.xib */; };
		3E11B144C4AC55033FB33415 /* RepositoryServicesViewController.swift in Sources */ = {isa = PBXBuildFile; fileRef = 3E11B055085FF0B54F6DC62C /* RepositoryServicesViewController.swift */; };
		3E11B16A49215D37CD53452D /* CommentsViewController.swift in Sources */ = {isa = PBXBuildFile; fileRef = 3E11B243E1390864B3736118 /* CommentsViewController.swift */; };
		3E11B1DBFA30E588DF0FEA3E /* CommentCellViewModel.swift in Sources */ = {isa = PBXBuildFile; fileRef = 3E11BC245DDDF5C1647A7FC5 /* CommentCellViewModel.swift */; };
		3E11B291F8B5B789E58C3236 /* IssuesModel.swift in Sources */ = {isa = PBXBuildFile; fileRef = 3E11B448397EFD2B03D3D74F /* IssuesModel.swift */; };
		3E11B29B72A4397F9F5331B2 /* IssueTableViewCell.xib in Resources */ = {isa = PBXBuildFile; fileRef = 3E11BDA1F4B59107C77B6593 /* IssueTableViewCell.xib */; };
		3E11B36286E609400DCC9996 /* NotificationNames.swift in Sources */ = {isa = PBXBuildFile; fileRef = 3E11BDD60CA25886C708A6F2 /* NotificationNames.swift */; };
		3E11B3784B99436469EE9BC5 /* IssueDetailTableViewCell.swift in Sources */ = {isa = PBXBuildFile; fileRef = 3E11B4D2ECD341AED284869C /* IssueDetailTableViewCell.swift */; };
		3E11B3A8B92332C6FDE04EF6 /* LaunchScreen.storyboard in Resources */ = {isa = PBXBuildFile; fileRef = 3E11B7F9CD42F592C57719F1 /* LaunchScreen.storyboard */; };
		3E11B3AD8C97E9851EF834D3 /* CommentsModel.swift in Sources */ = {isa = PBXBuildFile; fileRef = 3E11B5BB786DAC9A936A9A3D /* CommentsModel.swift */; };
		3E11B3C539A814A9B7D72F37 /* Assets.xcassets in Resources */ = {isa = PBXBuildFile; fileRef = 3E11B5CAAB74ABC4A9D10545 /* Assets.xcassets */; };
		3E11B4264DBF69992708D012 /* CommentTableViewCell.swift in Sources */ = {isa = PBXBuildFile; fileRef = 3E11BFF70E1ED61CAC1FAF99 /* CommentTableViewCell.swift */; };
		3E11B4D0BDE6BA2AADE3BC58 /* GithubRepositoryServiceModel.swift in Sources */ = {isa = PBXBuildFile; fileRef = 3E11BFE09AC93BE36BA66B88 /* GithubRepositoryServiceModel.swift */; };
		3E11B5286A28988DFFA36239 /* IssueDetailViewController.swift in Sources */ = {isa = PBXBuildFile; fileRef = 3E11BE52E1987E7B4F29A507 /* IssueDetailViewController.swift */; };
		3E11B5AB7D504246B8F2BDFD /* IssueCellViewModel.swift in Sources */ = {isa = PBXBuildFile; fileRef = 3E11BE6966CA39BB58DC3808 /* IssueCellViewModel.swift */; };
		3E11B62AC2264B293B62AA78 /* AppDelegate.swift in Sources */ = {isa = PBXBuildFile; fileRef = 3E11B907046A53462B8588BF /* AppDelegate.swift */; };
		3E11B64EE06B42BD0451A866 /* GithubInteractor.swift in Sources */ = {isa = PBXBuildFile; fileRef = 3E11B623445D20C1D55FE1B2 /* GithubInteractor.swift */; };
		3E11B691C293C124947DCAAD /* IssuesViewController.swift in Sources */ = {isa = PBXBuildFile; fileRef = 3E11BD5D1CFB4005104D2D49 /* IssuesViewController.swift */; };
		3E11B76BD9741D5B6D7C5A3C /* Model.swift in Sources */ = {isa = PBXBuildFile; fileRef = 3E11BE8185462CE82429DA7D /* Model.swift */; };
		3E11B828DE9DB9A659A022DC /* IssueCreationViewController.swift in Sources */ = {isa = PBXBuildFile; fileRef = 3E11B18CB6591859664DBBC1 /* IssueCreationViewController.swift */; };
		3E11B8D0D5DF0C716F11F994 /* RepositoryServiceInteractor.swift in Sources */ = {isa = PBXBuildFile; fileRef = 3E11B1D8F4ED4F664944412E /* RepositoryServiceInteractor.swift */; };
		3E11B9DBCEDA85D3F38F18E2 /* IssueTableViewCell.swift in Sources */ = {isa = PBXBuildFile; fileRef = 3E11BC520400624CB8A94796 /* IssueTableViewCell.swift */; };
		3E11B9E700FE0B5A4E6667CD /* IssuesViewModel.swift in Sources */ = {isa = PBXBuildFile; fileRef = 3E11B4EA25D904EBDE21D2FD /* IssuesViewModel.swift */; };
		3E11BA583FADD545B4792941 /* IssueRouter.swift in Sources */ = {isa = PBXBuildFile; fileRef = 3E11B1AF797A628F884647AB /* IssueRouter.swift */; };
		3E11BA7433834860831CFC71 /* IssueDetailModel.swift in Sources */ = {isa = PBXBuildFile; fileRef = 3E11BC716C45ACA9CB143127 /* IssueDetailModel.swift */; };
		3E11BAA2AAA131BC282B2D15 /* CommentsWithIssueViewModel.swift in Sources */ = {isa = PBXBuildFile; fileRef = 3E11B66D58F1D24B05FCB15B /* CommentsWithIssueViewModel.swift */; };
		3E11BADD45CDA3B66CF0132C /* ItemsExtension.swift in Sources */ = {isa = PBXBuildFile; fileRef = 3E11B98ED806A09AA1ABC05B /* ItemsExtension.swift */; };
		3E11BB8B362F189D36D70BB9 /* UserThumbnailButton.swift in Sources */ = {isa = PBXBuildFile; fileRef = 3E11B7ECC28434BF13CAAA40 /* UserThumbnailButton.swift */; };
		3E11BB8E9D53832FDFE1E315 /* RepositoryServicesView.swift in Sources */ = {isa = PBXBuildFile; fileRef = 3E11BDDA799A876E373C4A8B /* RepositoryServicesView.swift */; };
		3E11BBAD9C6CBB017950B32D /* UIViewControllerExtension.swift in Sources */ = {isa = PBXBuildFile; fileRef = 3E11B5848B4D5E90E82EF7C8 /* UIViewControllerExtension.swift */; };
		3E11BBC133E84C49C744C931 /* Router.swift in Sources */ = {isa = PBXBuildFile; fileRef = 3E11B5D97D9C38A3C7955B05 /* Router.swift */; };
		3E11BBF23A7E7B12C33F4010 /* IssueCreationViewModel.swift in Sources */ = {isa = PBXBuildFile; fileRef = 3E11BFE25E28771B5CBF790F /* IssueCreationViewModel.swift */; };
		3E11BC5E876EEF142AE8F4D0 /* RepositoryServicesPresenter.swift in Sources */ = {isa = PBXBuildFile; fileRef = 3E11BDA1E4B02B23EE506A81 /* RepositoryServicesPresenter.swift */; };
		3E11BC5F273B0060FF5AD31D /* Main.storyboard in Resources */ = {isa = PBXBuildFile; fileRef = 3E11BA455E1F2A867C6D4459 /* Main.storyboard */; };
		3E11BCD68A1DFE67B7BB1982 /* CommentTableViewCell.xib in Resources */ = {isa = PBXBuildFile; fileRef = 3E11B9C6974D0888B529FA7B /* CommentTableViewCell.xib */; };
		3E11BE742A75CF1489811D5C /* RepositoryServicesViewModel.swift in Sources */ = {isa = PBXBuildFile; fileRef = 3E11B5F697E159F393B14FDB /* RepositoryServicesViewModel.swift */; };
		D54A087099DE0D3431495B60 /* Pods_ChopeArchitectureStudy.framework in Frameworks */ = {isa = PBXBuildFile; fileRef = 21E5F9090C95D2CB0D0E819A /* Pods_ChopeArchitectureStudy.framework */; };
/* End PBXBuildFile section */

/* Begin PBXFileReference section */
		1D71CAC81E5020C100B5A210 /* IssueDetailTableViewCell.xib */ = {isa = PBXFileReference; fileEncoding = 4; lastKnownFileType = file.xib; path = IssueDetailTableViewCell.xib; sourceTree = "<group>"; };
		1ED4D4EF99F28331044114AB /* Pods-ChopeArchitectureStudy.debug.xcconfig */ = {isa = PBXFileReference; includeInIndex = 1; lastKnownFileType = text.xcconfig; name = "Pods-ChopeArchitectureStudy.debug.xcconfig"; path = "Pods/Target Support Files/Pods-ChopeArchitectureStudy/Pods-ChopeArchitectureStudy.debug.xcconfig"; sourceTree = "<group>"; };
		21E5F9090C95D2CB0D0E819A /* Pods_ChopeArchitectureStudy.framework */ = {isa = PBXFileReference; explicitFileType = wrapper.framework; includeInIndex = 0; path = Pods_ChopeArchitectureStudy.framework; sourceTree = BUILT_PRODUCTS_DIR; };
		33D3ACE51D34411E28D7BCDE /* Pods-ChopeArchitectureStudy.release.xcconfig */ = {isa = PBXFileReference; includeInIndex = 1; lastKnownFileType = text.xcconfig; name = "Pods-ChopeArchitectureStudy.release.xcconfig"; path = "Pods/Target Support Files/Pods-ChopeArchitectureStudy/Pods-ChopeArchitectureStudy.release.xcconfig"; sourceTree = "<group>"; };
		3E11B055085FF0B54F6DC62C /* RepositoryServicesViewController.swift */ = {isa = PBXFileReference; fileEncoding = 4; lastKnownFileType = sourcecode.swift; path = RepositoryServicesViewController.swift; sourceTree = "<group>"; };
		3E11B0EBEDB6ABD5A7B75FAD /* Info.plist */ = {isa = PBXFileReference; lastKnownFileType = text.plist.info; path = Info.plist; sourceTree = "<group>"; };
		3E11B18CB6591859664DBBC1 /* IssueCreationViewController.swift */ = {isa = PBXFileReference; fileEncoding = 4; lastKnownFileType = sourcecode.swift; path = IssueCreationViewController.swift; sourceTree = "<group>"; };
		3E11B1AF797A628F884647AB /* IssueRouter.swift */ = {isa = PBXFileReference; fileEncoding = 4; lastKnownFileType = sourcecode.swift; path = IssueRouter.swift; sourceTree = "<group>"; };
		3E11B1D8F4ED4F664944412E /* RepositoryServiceInteractor.swift */ = {isa = PBXFileReference; fileEncoding = 4; lastKnownFileType = sourcecode.swift; path = RepositoryServiceInteractor.swift; sourceTree = "<group>"; };
		3E11B22A1231514EC667941F /* Base */ = {isa = PBXFileReference; lastKnownFileType = file.storyboard; name = Base; path = Base.lproj/LaunchScreen.storyboard; sourceTree = "<group>"; };
		3E11B243E1390864B3736118 /* CommentsViewController.swift */ = {isa = PBXFileReference; fileEncoding = 4; lastKnownFileType = sourcecode.swift; path = CommentsViewController.swift; sourceTree = "<group>"; };
		3E11B33CC4B62CB3B2608C81 /* ChopeArchitectureStudy.app */ = {isa = PBXFileReference; explicitFileType = wrapper.application; includeInIndex = 0; path = ChopeArchitectureStudy.app; sourceTree = BUILT_PRODUCTS_DIR; };
		3E11B448397EFD2B03D3D74F /* IssuesModel.swift */ = {isa = PBXFileReference; fileEncoding = 4; lastKnownFileType = sourcecode.swift; path = IssuesModel.swift; sourceTree = "<group>"; };
		3E11B4D2ECD341AED284869C /* IssueDetailTableViewCell.swift */ = {isa = PBXFileReference; fileEncoding = 4; lastKnownFileType = sourcecode.swift; name = IssueDetailTableViewCell.swift; path = ChopeArchitectureStudy/View/IssueDetailTableViewCell.swift; sourceTree = SOURCE_ROOT; };
		3E11B4EA25D904EBDE21D2FD /* IssuesViewModel.swift */ = {isa = PBXFileReference; fileEncoding = 4; lastKnownFileType = sourcecode.swift; path = IssuesViewModel.swift; sourceTree = "<group>"; };
		3E11B5848B4D5E90E82EF7C8 /* UIViewControllerExtension.swift */ = {isa = PBXFileReference; fileEncoding = 4; lastKnownFileType = sourcecode.swift; path = UIViewControllerExtension.swift; sourceTree = "<group>"; };
		3E11B5BB786DAC9A936A9A3D /* CommentsModel.swift */ = {isa = PBXFileReference; fileEncoding = 4; lastKnownFileType = sourcecode.swift; path = CommentsModel.swift; sourceTree = "<group>"; };
		3E11B5CAAB74ABC4A9D10545 /* Assets.xcassets */ = {isa = PBXFileReference; lastKnownFileType = folder.assetcatalog; path = Assets.xcassets; sourceTree = "<group>"; };
		3E11B5D97D9C38A3C7955B05 /* Router.swift */ = {isa = PBXFileReference; fileEncoding = 4; lastKnownFileType = sourcecode.swift; path = Router.swift; sourceTree = "<group>"; };
		3E11B5F697E159F393B14FDB /* RepositoryServicesViewModel.swift */ = {isa = PBXFileReference; fileEncoding = 4; lastKnownFileType = sourcecode.swift; path = RepositoryServicesViewModel.swift; sourceTree = "<group>"; };
		3E11B623445D20C1D55FE1B2 /* GithubInteractor.swift */ = {isa = PBXFileReference; fileEncoding = 4; lastKnownFileType = sourcecode.swift; path = GithubInteractor.swift; sourceTree = "<group>"; };
		3E11B66D58F1D24B05FCB15B /* CommentsWithIssueViewModel.swift */ = {isa = PBXFileReference; fileEncoding = 4; lastKnownFileType = sourcecode.swift; path = CommentsWithIssueViewModel.swift; sourceTree = "<group>"; };
		3E11B7ECC28434BF13CAAA40 /* UserThumbnailButton.swift */ = {isa = PBXFileReference; fileEncoding = 4; lastKnownFileType = sourcecode.swift; path = UserThumbnailButton.swift; sourceTree = "<group>"; };
		3E11B907046A53462B8588BF /* AppDelegate.swift */ = {isa = PBXFileReference; lastKnownFileType = sourcecode.swift; path = AppDelegate.swift; sourceTree = "<group>"; };
		3E11B98ED806A09AA1ABC05B /* ItemsExtension.swift */ = {isa = PBXFileReference; fileEncoding = 4; lastKnownFileType = sourcecode.swift; path = ItemsExtension.swift; sourceTree = "<group>"; };
		3E11B9C6974D0888B529FA7B /* CommentTableViewCell.xib */ = {isa = PBXFileReference; lastKnownFileType = file.xib; path = CommentTableViewCell.xib; sourceTree = "<group>"; };
		3E11BC245DDDF5C1647A7FC5 /* CommentCellViewModel.swift */ = {isa = PBXFileReference; fileEncoding = 4; lastKnownFileType = sourcecode.swift; path = CommentCellViewModel.swift; sourceTree = "<group>"; };
		3E11BC520400624CB8A94796 /* IssueTableViewCell.swift */ = {isa = PBXFileReference; fileEncoding = 4; lastKnownFileType = sourcecode.swift; path = IssueTableViewCell.swift; sourceTree = "<group>"; };
		3E11BC716C45ACA9CB143127 /* IssueDetailModel.swift */ = {isa = PBXFileReference; fileEncoding = 4; lastKnownFileType = sourcecode.swift; path = IssueDetailModel.swift; sourceTree = "<group>"; };
		3E11BD5D1CFB4005104D2D49 /* IssuesViewController.swift */ = {isa = PBXFileReference; fileEncoding = 4; lastKnownFileType = sourcecode.swift; path = IssuesViewController.swift; sourceTree = "<group>"; };
		3E11BDA1E4B02B23EE506A81 /* RepositoryServicesPresenter.swift */ = {isa = PBXFileReference; fileEncoding = 4; lastKnownFileType = sourcecode.swift; path = RepositoryServicesPresenter.swift; sourceTree = "<group>"; };
		3E11BDA1F4B59107C77B6593 /* IssueTableViewCell.xib */ = {isa = PBXFileReference; lastKnownFileType = file.xib; path = IssueTableViewCell.xib; sourceTree = "<group>"; };
		3E11BDD60CA25886C708A6F2 /* NotificationNames.swift */ = {isa = PBXFileReference; fileEncoding = 4; lastKnownFileType = sourcecode.swift; path = NotificationNames.swift; sourceTree = "<group>"; };
		3E11BDDA799A876E373C4A8B /* RepositoryServicesView.swift */ = {isa = PBXFileReference; fileEncoding = 4; lastKnownFileType = sourcecode.swift; path = RepositoryServicesView.swift; sourceTree = "<group>"; };
		3E11BE52E1987E7B4F29A507 /* IssueDetailViewController.swift */ = {isa = PBXFileReference; fileEncoding = 4; lastKnownFileType = sourcecode.swift; path = IssueDetailViewController.swift; sourceTree = "<group>"; };
		3E11BE6966CA39BB58DC3808 /* IssueCellViewModel.swift */ = {isa = PBXFileReference; fileEncoding = 4; lastKnownFileType = sourcecode.swift; path = IssueCellViewModel.swift; sourceTree = "<group>"; };
		3E11BE8185462CE82429DA7D /* Model.swift */ = {isa = PBXFileReference; fileEncoding = 4; lastKnownFileType = sourcecode.swift; path = Model.swift; sourceTree = "<group>"; };
		3E11BEB2ABC1B2BAB50E30A7 /* Base */ = {isa = PBXFileReference; lastKnownFileType = file.storyboard; name = Base; path = Base.lproj/Main.storyboard; sourceTree = "<group>"; };
		3E11BFE09AC93BE36BA66B88 /* GithubRepositoryServiceModel.swift */ = {isa = PBXFileReference; fileEncoding = 4; lastKnownFileType = sourcecode.swift; path = GithubRepositoryServiceModel.swift; sourceTree = "<group>"; };
		3E11BFE25E28771B5CBF790F /* IssueCreationViewModel.swift */ = {isa = PBXFileReference; fileEncoding = 4; lastKnownFileType = sourcecode.swift; path = IssueCreationViewModel.swift; sourceTree = "<group>"; };
		3E11BFF70E1ED61CAC1FAF99 /* CommentTableViewCell.swift */ = {isa = PBXFileReference; fileEncoding = 4; lastKnownFileType = sourcecode.swift; path = CommentTableViewCell.swift; sourceTree = "<group>"; };
/* End PBXFileReference section */

/* Begin PBXFrameworksBuildPhase section */
		3E11B03F16A6A5548824EACC /* Frameworks */ = {
			isa = PBXFrameworksBuildPhase;
			buildActionMask = 2147483647;
			files = (
				D54A087099DE0D3431495B60 /* Pods_ChopeArchitectureStudy.framework in Frameworks */,
			);
			runOnlyForDeploymentPostprocessing = 0;
		};
/* End PBXFrameworksBuildPhase section */

/* Begin PBXGroup section */
		3E11B0F6E5009DC0F2A53BD2 /* Presenter */ = {
			isa = PBXGroup;
			children = (
				3E11BDA1E4B02B23EE506A81 /* RepositoryServicesPresenter.swift */,
			);
			path = Presenter;
			sourceTree = "<group>";
		};
		3E11B634DC6DB879661A9565 /* Utils */ = {
			isa = PBXGroup;
			children = (
				3E11BDD60CA25886C708A6F2 /* NotificationNames.swift */,
				3E11B98ED806A09AA1ABC05B /* ItemsExtension.swift */,
				3E11B5848B4D5E90E82EF7C8 /* UIViewControllerExtension.swift */,
			);
			path = Utils;
			sourceTree = "<group>";
		};
		3E11B6444F2F3DA4EBC14D4C /* Issue */ = {
			isa = PBXGroup;
			children = (
				3E11BD5D1CFB4005104D2D49 /* IssuesViewController.swift */,
				3E11BC520400624CB8A94796 /* IssueTableViewCell.swift */,
				3E11BDA1F4B59107C77B6593 /* IssueTableViewCell.xib */,
				3E11BE52E1987E7B4F29A507 /* IssueDetailViewController.swift */,
				1D71CAC81E5020C100B5A210 /* IssueDetailTableViewCell.xib */,
				3E11B4D2ECD341AED284869C /* IssueDetailTableViewCell.swift */,
				3E11B18CB6591859664DBBC1 /* IssueCreationViewController.swift */,
			);
			path = Issue;
			sourceTree = "<group>";
		};
		3E11B6E833F43BE87F416E96 /* Products */ = {
			isa = PBXGroup;
			children = (
				3E11B33CC4B62CB3B2608C81 /* ChopeArchitectureStudy.app */,
			);
			name = Products;
			sourceTree = "<group>";
		};
		3E11B77A159B301D7BD1F124 /* Router */ = {
			isa = PBXGroup;
			children = (
				3E11B5D97D9C38A3C7955B05 /* Router.swift */,
				3E11B1AF797A628F884647AB /* IssueRouter.swift */,
			);
			path = Router;
			sourceTree = "<group>";
		};
		3E11B80E54BAC23E3E8E4EDF /* ChopeArchitectureStudy */ = {
			isa = PBXGroup;
			children = (
				3E11B0EBEDB6ABD5A7B75FAD /* Info.plist */,
				3E11B5CAAB74ABC4A9D10545 /* Assets.xcassets */,
				3E11B7F9CD42F592C57719F1 /* LaunchScreen.storyboard */,
				3E11B907046A53462B8588BF /* AppDelegate.swift */,
				3E11BA455E1F2A867C6D4459 /* Main.storyboard */,
				3E11B634DC6DB879661A9565 /* Utils */,
				3E11BF53DE6236F694960FB1 /* View */,
				3E11BDC97067D880A816625F /* MVVM */,
				3E11BC4FB17C67E7B6DC33C2 /* VIPER */,
			);
			path = ChopeArchitectureStudy;
			sourceTree = "<group>";
		};
		3E11B9BCA2084200C567D1A3 /* Interactor */ = {
			isa = PBXGroup;
			children = (
				3E11B623445D20C1D55FE1B2 /* GithubInteractor.swift */,
				3E11B1D8F4ED4F664944412E /* RepositoryServiceInteractor.swift */,
			);
			path = Interactor;
			sourceTree = "<group>";
		};
		3E11BA74FA21A5BDD83D841C /* Entity */ = {
			isa = PBXGroup;
			children = (
				3E11BFE09AC93BE36BA66B88 /* GithubRepositoryServiceModel.swift */,
				3E11BE8185462CE82429DA7D /* Model.swift */,
				3E11B5BB786DAC9A936A9A3D /* CommentsModel.swift */,
				3E11B448397EFD2B03D3D74F /* IssuesModel.swift */,
				3E11BC716C45ACA9CB143127 /* IssueDetailModel.swift */,
			);
			path = Entity;
			sourceTree = "<group>";
		};
		3E11BB94B5563D626320BEC4 /* ViewModel */ = {
			isa = PBXGroup;
			children = (
				3E11B4EA25D904EBDE21D2FD /* IssuesViewModel.swift */,
				3E11BE6966CA39BB58DC3808 /* IssueCellViewModel.swift */,
				3E11BC245DDDF5C1647A7FC5 /* CommentCellViewModel.swift */,
				3E11B66D58F1D24B05FCB15B /* CommentsWithIssueViewModel.swift */,
				3E11BFE25E28771B5CBF790F /* IssueCreationViewModel.swift */,
				3E11B5F697E159F393B14FDB /* RepositoryServicesViewModel.swift */,
			);
			path = ViewModel;
			sourceTree = "<group>";
		};
		3E11BBFC7C70D6E7B80234A9 = {
			isa = PBXGroup;
			children = (
				3E11B80E54BAC23E3E8E4EDF /* ChopeArchitectureStudy */,
				5B7B6C9936D92B0EFB6E3060 /* Pods */,
				3E11B6E833F43BE87F416E96 /* Products */,
				570B22BBE65A1EB5FDF9FEA4 /* Frameworks */,
			);
			sourceTree = "<group>";
		};
		3E11BC4FB17C67E7B6DC33C2 /* VIPER */ = {
			isa = PBXGroup;
			children = (
				3E11B9BCA2084200C567D1A3 /* Interactor */,
				3E11B77A159B301D7BD1F124 /* Router */,
				3E11B0F6E5009DC0F2A53BD2 /* Presenter */,
				3E11BA74FA21A5BDD83D841C /* Entity */,
				3E11BC9EC569601791D43529 /* View */,
			);
			path = VIPER;
			sourceTree = "<group>";
		};
		3E11BC5EC744C89549582EF4 /* Comment */ = {
			isa = PBXGroup;
			children = (
				3E11B9C6974D0888B529FA7B /* CommentTableViewCell.xib */,
				3E11BFF70E1ED61CAC1FAF99 /* CommentTableViewCell.swift */,
				3E11B243E1390864B3736118 /* CommentsViewController.swift */,
			);
			path = Comment;
			sourceTree = "<group>";
		};
		3E11BC9EC569601791D43529 /* View */ = {
			isa = PBXGroup;
			children = (
				3E11B055085FF0B54F6DC62C /* RepositoryServicesViewController.swift */,
				3E11BDDA799A876E373C4A8B /* RepositoryServicesView.swift */,
			);
			path = View;
			sourceTree = "<group>";
		};
		3E11BDC97067D880A816625F /* MVVM */ = {
			isa = PBXGroup;
			children = (
				3E11BF56CE92A56FF2B02615 /* View */,
				3E11BB94B5563D626320BEC4 /* ViewModel */,
			);
			path = MVVM;
			sourceTree = "<group>";
		};
		3E11BF53DE6236F694960FB1 /* View */ = {
			isa = PBXGroup;
			children = (
				3E11B7ECC28434BF13CAAA40 /* UserThumbnailButton.swift */,
			);
			path = View;
			sourceTree = "<group>";
		};
		3E11BF56CE92A56FF2B02615 /* View */ = {
			isa = PBXGroup;
			children = (
				3E11B6444F2F3DA4EBC14D4C /* Issue */,
				3E11BC5EC744C89549582EF4 /* Comment */,
			);
			path = View;
			sourceTree = "<group>";
		};
		570B22BBE65A1EB5FDF9FEA4 /* Frameworks */ = {
			isa = PBXGroup;
			children = (
				21E5F9090C95D2CB0D0E819A /* Pods_ChopeArchitectureStudy.framework */,
			);
			name = Frameworks;
			sourceTree = "<group>";
		};
		5B7B6C9936D92B0EFB6E3060 /* Pods */ = {
			isa = PBXGroup;
			children = (
				1ED4D4EF99F28331044114AB /* Pods-ChopeArchitectureStudy.debug.xcconfig */,
				33D3ACE51D34411E28D7BCDE /* Pods-ChopeArchitectureStudy.release.xcconfig */,
			);
			name = Pods;
			sourceTree = "<group>";
		};
/* End PBXGroup section */

/* Begin PBXNativeTarget section */
		3E11BBDF4257C5DA2CC71595 /* ChopeArchitectureStudy */ = {
			isa = PBXNativeTarget;
			buildConfigurationList = 3E11B98CD8345BDEBB4103C2 /* Build configuration list for PBXNativeTarget "ChopeArchitectureStudy" */;
			buildPhases = (
				521FC38E2E6362879B213DCF /* [CP] Check Pods Manifest.lock */,
				3E11B16848616A71AEC34787 /* Sources */,
				3E11B03F16A6A5548824EACC /* Frameworks */,
				3E11BF15C88A3A489CA8426B /* Resources */,
				E7795FA67B888DE06BEE63E4 /* [CP] Embed Pods Frameworks */,
				169060B44D6014A19C86DAD6 /* [CP] Copy Pods Resources */,
			);
			buildRules = (
			);
			dependencies = (
			);
			name = ChopeArchitectureStudy;
			productName = ChopeArchitectureStudy;
			productReference = 3E11B33CC4B62CB3B2608C81 /* ChopeArchitectureStudy.app */;
			productType = "com.apple.product-type.application";
		};
/* End PBXNativeTarget section */

/* Begin PBXProject section */
		3E11BE0B26331B07BBBCC37B /* Project object */ = {
			isa = PBXProject;
			attributes = {
				LastUpgradeCheck = 0820;
				ORGANIZATIONNAME = Chope;
				TargetAttributes = {
					3E11BBDF4257C5DA2CC71595 = {
						DevelopmentTeam = JKB83V3G9Q;
					};
				};
			};
			buildConfigurationList = 3E11B5B83BB5C338F072E858 /* Build configuration list for PBXProject "ChopeArchitectureStudy" */;
			compatibilityVersion = "Xcode 3.2";
			developmentRegion = English;
			hasScannedForEncodings = 0;
			knownRegions = (
				en,
			);
			mainGroup = 3E11BBFC7C70D6E7B80234A9;
			productRefGroup = 3E11B6E833F43BE87F416E96 /* Products */;
			projectDirPath = "";
			projectRoot = "";
			targets = (
				3E11BBDF4257C5DA2CC71595 /* ChopeArchitectureStudy */,
			);
		};
/* End PBXProject section */

/* Begin PBXResourcesBuildPhase section */
		3E11BF15C88A3A489CA8426B /* Resources */ = {
			isa = PBXResourcesBuildPhase;
			buildActionMask = 2147483647;
			files = (
				3E11B3C539A814A9B7D72F37 /* Assets.xcassets in Resources */,
				3E11B3A8B92332C6FDE04EF6 /* LaunchScreen.storyboard in Resources */,
				1D71CAC91E5020C100B5A210 /* IssueDetailTableViewCell.xib in Resources */,
				3E11BC5F273B0060FF5AD31D /* Main.storyboard in Resources */,
				3E11B29B72A4397F9F5331B2 /* IssueTableViewCell.xib in Resources */,
				3E11BCD68A1DFE67B7BB1982 /* CommentTableViewCell.xib in Resources */,
			);
			runOnlyForDeploymentPostprocessing = 0;
		};
/* End PBXResourcesBuildPhase section */

/* Begin PBXShellScriptBuildPhase section */
		169060B44D6014A19C86DAD6 /* [CP] Copy Pods Resources */ = {
			isa = PBXShellScriptBuildPhase;
			buildActionMask = 2147483647;
			files = (
			);
			inputPaths = (
			);
			name = "[CP] Copy Pods Resources";
			outputPaths = (
			);
			runOnlyForDeploymentPostprocessing = 0;
			shellPath = /bin/sh;
			shellScript = "\"${SRCROOT}/Pods/Target Support Files/Pods-ChopeArchitectureStudy/Pods-ChopeArchitectureStudy-resources.sh\"\n";
			showEnvVarsInLog = 0;
		};
		521FC38E2E6362879B213DCF /* [CP] Check Pods Manifest.lock */ = {
			isa = PBXShellScriptBuildPhase;
			buildActionMask = 2147483647;
			files = (
			);
			inputPaths = (
			);
			name = "[CP] Check Pods Manifest.lock";
			outputPaths = (
			);
			runOnlyForDeploymentPostprocessing = 0;
			shellPath = /bin/sh;
			shellScript = "diff \"${PODS_ROOT}/../Podfile.lock\" \"${PODS_ROOT}/Manifest.lock\" > /dev/null\nif [ $? != 0 ] ; then\n    # print error to STDERR\n    echo \"error: The sandbox is not in sync with the Podfile.lock. Run 'pod install' or update your CocoaPods installation.\" >&2\n    exit 1\nfi\n";
			showEnvVarsInLog = 0;
		};
		E7795FA67B888DE06BEE63E4 /* [CP] Embed Pods Frameworks */ = {
			isa = PBXShellScriptBuildPhase;
			buildActionMask = 2147483647;
			files = (
			);
			inputPaths = (
			);
			name = "[CP] Embed Pods Frameworks";
			outputPaths = (
			);
			runOnlyForDeploymentPostprocessing = 0;
			shellPath = /bin/sh;
			shellScript = "\"${SRCROOT}/Pods/Target Support Files/Pods-ChopeArchitectureStudy/Pods-ChopeArchitectureStudy-frameworks.sh\"\n";
			showEnvVarsInLog = 0;
		};
/* End PBXShellScriptBuildPhase section */

/* Begin PBXSourcesBuildPhase section */
		3E11B16848616A71AEC34787 /* Sources */ = {
			isa = PBXSourcesBuildPhase;
			buildActionMask = 2147483647;
			files = (
				3E11B62AC2264B293B62AA78 /* AppDelegate.swift in Sources */,
				3E11B36286E609400DCC9996 /* NotificationNames.swift in Sources */,
				3E11BB8B362F189D36D70BB9 /* UserThumbnailButton.swift in Sources */,
				3E11B9E700FE0B5A4E6667CD /* IssuesViewModel.swift in Sources */,
				3E11B5AB7D504246B8F2BDFD /* IssueCellViewModel.swift in Sources */,
				3E11B1DBFA30E588DF0FEA3E /* CommentCellViewModel.swift in Sources */,
				3E11BAA2AAA131BC282B2D15 /* CommentsWithIssueViewModel.swift in Sources */,
				3E11B691C293C124947DCAAD /* IssuesViewController.swift in Sources */,
				3E11B9DBCEDA85D3F38F18E2 /* IssueTableViewCell.swift in Sources */,
				3E11B5286A28988DFFA36239 /* IssueDetailViewController.swift in Sources */,
				3E11B4264DBF69992708D012 /* CommentTableViewCell.swift in Sources */,
				3E11B3784B99436469EE9BC5 /* IssueDetailTableViewCell.swift in Sources */,
				3E11B16A49215D37CD53452D /* CommentsViewController.swift in Sources */,
				3E11B828DE9DB9A659A022DC /* IssueCreationViewController.swift in Sources */,
				3E11BBF23A7E7B12C33F4010 /* IssueCreationViewModel.swift in Sources */,
				3E11BE742A75CF1489811D5C /* RepositoryServicesViewModel.swift in Sources */,
				3E11BADD45CDA3B66CF0132C /* ItemsExtension.swift in Sources */,
				3E11BBC133E84C49C744C931 /* Router.swift in Sources */,
				3E11BA583FADD545B4792941 /* IssueRouter.swift in Sources */,
				3E11B4D0BDE6BA2AADE3BC58 /* GithubRepositoryServiceModel.swift in Sources */,
				3E11B76BD9741D5B6D7C5A3C /* Model.swift in Sources */,
				3E11B3AD8C97E9851EF834D3 /* CommentsModel.swift in Sources */,
				3E11B291F8B5B789E58C3236 /* IssuesModel.swift in Sources */,
				3E11BA7433834860831CFC71 /* IssueDetailModel.swift in Sources */,
				3E11B144C4AC55033FB33415 /* RepositoryServicesViewController.swift in Sources */,
				3E11BC5E876EEF142AE8F4D0 /* RepositoryServicesPresenter.swift in Sources */,
				3E11BB8E9D53832FDFE1E315 /* RepositoryServicesView.swift in Sources */,
				3E11BBAD9C6CBB017950B32D /* UIViewControllerExtension.swift in Sources */,
				3E11B64EE06B42BD0451A866 /* GithubInteractor.swift in Sources */,
				3E11B8D0D5DF0C716F11F994 /* RepositoryServiceInteractor.swift in Sources */,
			);
			runOnlyForDeploymentPostprocessing = 0;
		};
/* End PBXSourcesBuildPhase section */

/* Begin PBXVariantGroup section */
		3E11B7F9CD42F592C57719F1 /* LaunchScreen.storyboard */ = {
			isa = PBXVariantGroup;
			children = (
				3E11B22A1231514EC667941F /* Base */,
			);
			name = LaunchScreen.storyboard;
			sourceTree = "<group>";
		};
		3E11BA455E1F2A867C6D4459 /* Main.storyboard */ = {
			isa = PBXVariantGroup;
			children = (
				3E11BEB2ABC1B2BAB50E30A7 /* Base */,
			);
			name = Main.storyboard;
			sourceTree = "<group>";
		};
/* End PBXVariantGroup section */

/* Begin XCBuildConfiguration section */
		3E11B0946946D3482D7F0FAD /* Release */ = {
			isa = XCBuildConfiguration;
			baseConfigurationReference = 33D3ACE51D34411E28D7BCDE /* Pods-ChopeArchitectureStudy.release.xcconfig */;
			buildSettings = {
				ASSETCATALOG_COMPILER_APPICON_NAME = AppIcon;
				DEVELOPMENT_TEAM = JKB83V3G9Q;
				INFOPLIST_FILE = ChopeArchitectureStudy/Info.plist;
				LD_RUNPATH_SEARCH_PATHS = "$(inherited) @executable_path/Frameworks";
				PRODUCT_BUNDLE_IDENTIFIER = net.chopestory.ChopeArchitectureStudy;
				PRODUCT_NAME = "$(TARGET_NAME)";
				SWIFT_VERSION = 3.0;
			};
			name = Release;
		};
		3E11B0DE271D7E43814A049F /* Release */ = {
			isa = XCBuildConfiguration;
			buildSettings = {
				ALWAYS_SEARCH_USER_PATHS = NO;
				CLANG_ANALYZER_NONNULL = YES;
				CLANG_CXX_LANGUAGE_STANDARD = "gnu++0x";
				CLANG_CXX_LIBRARY = "libc++";
				CLANG_ENABLE_MODULES = YES;
				CLANG_ENABLE_OBJC_ARC = YES;
				CLANG_WARN_BOOL_CONVERSION = YES;
				CLANG_WARN_CONSTANT_CONVERSION = YES;
				CLANG_WARN_DIRECT_OBJC_ISA_USAGE = YES_ERROR;
				CLANG_WARN_DOCUMENTATION_COMMENTS = YES;
				CLANG_WARN_EMPTY_BODY = YES;
				CLANG_WARN_ENUM_CONVERSION = YES;
				CLANG_WARN_INFINITE_RECURSION = YES;
				CLANG_WARN_INT_CONVERSION = YES;
				CLANG_WARN_OBJC_ROOT_CLASS = YES_ERROR;
				CLANG_WARN_SUSPICIOUS_MOVE = YES;
				CLANG_WARN_UNREACHABLE_CODE = YES;
				CLANG_WARN__DUPLICATE_METHOD_MATCH = YES;
				"CODE_SIGN_IDENTITY[sdk=iphoneos*]" = "iPhone Developer";
				COPY_PHASE_STRIP = NO;
				DEBUG_INFORMATION_FORMAT = "dwarf-with-dsym";
				ENABLE_NS_ASSERTIONS = NO;
				ENABLE_STRICT_OBJC_MSGSEND = YES;
				GCC_C_LANGUAGE_STANDARD = gnu99;
				GCC_NO_COMMON_BLOCKS = YES;
				GCC_WARN_64_TO_32_BIT_CONVERSION = YES;
				GCC_WARN_ABOUT_RETURN_TYPE = YES_ERROR;
				GCC_WARN_UNDECLARED_SELECTOR = YES;
				GCC_WARN_UNINITIALIZED_AUTOS = YES_AGGRESSIVE;
				GCC_WARN_UNUSED_FUNCTION = YES;
				GCC_WARN_UNUSED_VARIABLE = YES;
				IPHONEOS_DEPLOYMENT_TARGET = 10.2;
				MTL_ENABLE_DEBUG_INFO = NO;
				SDKROOT = iphoneos;
				SWIFT_OPTIMIZATION_LEVEL = "-Owholemodule";
				VALIDATE_PRODUCT = YES;
			};
			name = Release;
		};
		3E11B5D9E5F55382AFC7DF96 /* Debug */ = {
			isa = XCBuildConfiguration;
			buildSettings = {
				ALWAYS_SEARCH_USER_PATHS = NO;
				CLANG_ANALYZER_NONNULL = YES;
				CLANG_CXX_LANGUAGE_STANDARD = "gnu++0x";
				CLANG_CXX_LIBRARY = "libc++";
				CLANG_ENABLE_MODULES = YES;
				CLANG_ENABLE_OBJC_ARC = YES;
				CLANG_WARN_BOOL_CONVERSION = YES;
				CLANG_WARN_CONSTANT_CONVERSION = YES;
				CLANG_WARN_DIRECT_OBJC_ISA_USAGE = YES_ERROR;
				CLANG_WARN_DOCUMENTATION_COMMENTS = YES;
				CLANG_WARN_EMPTY_BODY = YES;
				CLANG_WARN_ENUM_CONVERSION = YES;
				CLANG_WARN_INFINITE_RECURSION = YES;
				CLANG_WARN_INT_CONVERSION = YES;
				CLANG_WARN_OBJC_ROOT_CLASS = YES_ERROR;
				CLANG_WARN_SUSPICIOUS_MOVE = YES;
				CLANG_WARN_UNREACHABLE_CODE = YES;
				CLANG_WARN__DUPLICATE_METHOD_MATCH = YES;
				"CODE_SIGN_IDENTITY[sdk=iphoneos*]" = "iPhone Developer";
				COPY_PHASE_STRIP = NO;
				DEBUG_INFORMATION_FORMAT = dwarf;
				ENABLE_STRICT_OBJC_MSGSEND = YES;
				ENABLE_TESTABILITY = YES;
				GCC_C_LANGUAGE_STANDARD = gnu99;
				GCC_DYNAMIC_NO_PIC = NO;
				GCC_NO_COMMON_BLOCKS = YES;
				GCC_OPTIMIZATION_LEVEL = 0;
				GCC_PREPROCESSOR_DEFINITIONS = (
					"DEBUG=1",
					"$(inherited)",
				);
				GCC_WARN_64_TO_32_BIT_CONVERSION = YES;
				GCC_WARN_ABOUT_RETURN_TYPE = YES_ERROR;
				GCC_WARN_UNDECLARED_SELECTOR = YES;
				GCC_WARN_UNINITIALIZED_AUTOS = YES_AGGRESSIVE;
				GCC_WARN_UNUSED_FUNCTION = YES;
				GCC_WARN_UNUSED_VARIABLE = YES;
				IPHONEOS_DEPLOYMENT_TARGET = 10.2;
				MTL_ENABLE_DEBUG_INFO = YES;
				ONLY_ACTIVE_ARCH = YES;
				SDKROOT = iphoneos;
				SWIFT_ACTIVE_COMPILATION_CONDITIONS = DEBUG;
				SWIFT_OPTIMIZATION_LEVEL = "-Onone";
			};
			name = Debug;
		};
		3E11BE4BECFD49E7D7575440 /* Debug */ = {
			isa = XCBuildConfiguration;
			baseConfigurationReference = 1ED4D4EF99F28331044114AB /* Pods-ChopeArchitectureStudy.debug.xcconfig */;
			buildSettings = {
				ASSETCATALOG_COMPILER_APPICON_NAME = AppIcon;
				DEVELOPMENT_TEAM = JKB83V3G9Q;
				INFOPLIST_FILE = ChopeArchitectureStudy/Info.plist;
				LD_RUNPATH_SEARCH_PATHS = "$(inherited) @executable_path/Frameworks";
				PRODUCT_BUNDLE_IDENTIFIER = net.chopestory.ChopeArchitectureStudy;
				PRODUCT_NAME = "$(TARGET_NAME)";
				SWIFT_VERSION = 3.0;
			};
			name = Debug;
		};
/* End XCBuildConfiguration section */

/* Begin XCConfigurationList section */
		3E11B5B83BB5C338F072E858 /* Build configuration list for PBXProject "ChopeArchitectureStudy" */ = {
			isa = XCConfigurationList;
			buildConfigurations = (
				3E11B5D9E5F55382AFC7DF96 /* Debug */,
				3E11B0DE271D7E43814A049F /* Release */,
			);
			defaultConfigurationIsVisible = 0;
			defaultConfigurationName = Release;
		};
		3E11B98CD8345BDEBB4103C2 /* Build configuration list for PBXNativeTarget "ChopeArchitectureStudy" */ = {
			isa = XCConfigurationList;
			buildConfigurations = (
				3E11BE4BECFD49E7D7575440 /* Debug */,
				3E11B0946946D3482D7F0FAD /* Release */,
			);
			defaultConfigurationIsVisible = 0;
			defaultConfigurationName = Release;
		};
/* End XCConfigurationList section */
	};
	rootObject = 3E11BE0B26331B07BBBCC37B /* Project object */;
}
